// !$*UTF8*$!
{
	archiveVersion = 1;
	classes = {
	};
	objectVersion = 46;
	objects = {

/* Begin PBXBuildFile section */
		A41604321D47C2C800AFE0A9 /* main.cpp in Sources */ = {isa = PBXBuildFile; fileRef = A41604311D47C2C800AFE0A9 /* main.cpp */; };
		A416043A1D47E32D00AFE0A9 /* Sandwich.cpp in Sources */ = {isa = PBXBuildFile; fileRef = A41604391D47E32D00AFE0A9 /* Sandwich.cpp */; };
/* End PBXBuildFile section */

/* Begin PBXCopyFilesBuildPhase section */
		A416042C1D47C2C800AFE0A9 /* CopyFiles */ = {
			isa = PBXCopyFilesBuildPhase;
			buildActionMask = 2147483647;
			dstPath = /usr/share/man/man1/;
			dstSubfolderSpec = 0;
			files = (
			);
			runOnlyForDeploymentPostprocessing = 1;
		};
/* End PBXCopyFilesBuildPhase section */

/* Begin PBXFileReference section */
		A416042E1D47C2C800AFE0A9 /* teacherproj */ = {isa = PBXFileReference; explicitFileType = "compiled.mach-o.executable"; includeInIndex = 0; path = teacherproj; sourceTree = BUILT_PRODUCTS_DIR; };
		A41604311D47C2C800AFE0A9 /* main.cpp */ = {isa = PBXFileReference; lastKnownFileType = sourcecode.cpp.cpp; path = main.cpp; sourceTree = "<group>"; };
		A41604381D47E2DB00AFE0A9 /* Sandwich.h */ = {isa = PBXFileReference; lastKnownFileType = sourcecode.c.h; path = Sandwich.h; sourceTree = "<group>"; };
		A41604391D47E32D00AFE0A9 /* Sandwich.cpp */ = {isa = PBXFileReference; fileEncoding = 4; lastKnownFileType = sourcecode.cpp.cpp; path = Sandwich.cpp; sourceTree = "<group>"; };
/* End PBXFileReference section */

/* Begin PBXFrameworksBuildPhase section */
		A416042B1D47C2C800AFE0A9 /* Frameworks */ = {
			isa = PBXFrameworksBuildPhase;
			buildActionMask = 2147483647;
			files = (
			);
			runOnlyForDeploymentPostprocessing = 0;
		};
/* End PBXFrameworksBuildPhase section */

/* Begin PBXGroup section */
		A41604251D47C2C800AFE0A9 = {
			isa = PBXGroup;
			children = (
				A41604301D47C2C800AFE0A9 /* teacherproj */,
				A416042F1D47C2C800AFE0A9 /* Products */,
			);
			sourceTree = "<group>";
		};
		A416042F1D47C2C800AFE0A9 /* Products */ = {
			isa = PBXGroup;
			children = (
				A416042E1D47C2C800AFE0A9 /* teacherproj */,
			);
			name = Products;
			sourceTree = "<group>";
		};
		A41604301D47C2C800AFE0A9 /* teacherproj */ = {
			isa = PBXGroup;
			children = (
				A41604311D47C2C800AFE0A9 /* main.cpp */,
				A41604391D47E32D00AFE0A9 /* Sandwich.cpp */,
				A41604381D47E2DB00AFE0A9 /* Sandwich.h */,
			);
			path = teacherproj;
			sourceTree = "<group>";
		};
/* End PBXGroup section */

/* Begin PBXNativeTarget section */
		A416042D1D47C2C800AFE0A9 /* teacherproj */ = {
			isa = PBXNativeTarget;
			buildConfigurationList = A41604351D47C2C800AFE0A9 /* Build configuration list for PBXNativeTarget "teacherproj" */;
			buildPhases = (
				A416042A1D47C2C800AFE0A9 /* Sources */,
				A416042B1D47C2C800AFE0A9 /* Frameworks */,
				A416042C1D47C2C800AFE0A9 /* CopyFiles */,
			);
			buildRules = (
			);
			dependencies = (
			);
			name = teacherproj;
			productName = teacherproj;
			productReference = A416042E1D47C2C800AFE0A9 /* teacherproj */;
			productType = "com.apple.product-type.tool";
		};
/* End PBXNativeTarget section */

/* Begin PBXProject section */
		A41604261D47C2C800AFE0A9 /* Project object */ = {
			isa = PBXProject;
			attributes = {
				LastUpgradeCheck = 0720;
				ORGANIZATIONNAME = "Henrichsen, Cody";
				TargetAttributes = {
					A416042D1D47C2C800AFE0A9 = {
						CreatedOnToolsVersion = 7.2;
					};
				};
			};
			buildConfigurationList = A41604291D47C2C800AFE0A9 /* Build configuration list for PBXProject "teacherproj" */;
			compatibilityVersion = "Xcode 3.2";
			developmentRegion = English;
			hasScannedForEncodings = 0;
			knownRegions = (
				en,
			);
			mainGroup = A41604251D47C2C800AFE0A9;
			productRefGroup = A416042F1D47C2C800AFE0A9 /* Products */;
			projectDirPath = "";
			projectRoot = "";
			targets = (
				A416042D1D47C2C800AFE0A9 /* teacherproj */,
			);
		};
/* End PBXProject section */

/* Begin PBXSourcesBuildPhase section */
		A416042A1D47C2C800AFE0A9 /* Sources */ = {
			isa = PBXSourcesBuildPhase;
			buildActionMask = 2147483647;
			files = (
				A416043A1D47E32D00AFE0A9 /* Sandwich.cpp in Sources */,
				A41604321D47C2C800AFE0A9 /* main.cpp in Sources */,
			);
			runOnlyForDeploymentPostprocessing = 0;
		};
/* End PBXSourcesBuildPhase section */

/* Begin XCBuildConfiguration section */
		A41604331D47C2C800AFE0A9 /* Debug */ = {
			isa = XCBuildConfiguration;
			buildSettings = {
				ALWAYS_SEARCH_USER_PATHS = NO;
				CLANG_CXX_LANGUAGE_STANDARD = "gnu++0x";
				CLANG_CXX_LIBRARY = "libc++";
				CLANG_ENABLE_MODULES = YES;
				CLANG_ENABLE_OBJC_ARC = YES;
				CLANG_WARN_BOOL_CONVERSION = YES;
				CLANG_WARN_CONSTANT_CONVERSION = YES;
				CLANG_WARN_DIRECT_OBJC_ISA_USAGE = YES_ERROR;
				CLANG_WARN_EMPTY_BODY = YES;
				CLANG_WARN_ENUM_CONVERSION = YES;
				CLANG_WARN_INT_CONVERSION = YES;
				CLANG_WARN_OBJC_ROOT_CLASS = YES_ERROR;
				CLANG_WARN_UNREACHABLE_CODE = YES;
				CLANG_WARN__DUPLICATE_METHOD_MATCH = YES;
				CODE_SIGN_IDENTITY = "-";
				COPY_PHASE_STRIP = NO;
				DEBUG_INFORMATION_FORMAT = dwarf;
				ENABLE_STRICT_OBJC_MSGSEND = YES;
				ENABLE_TESTABILITY = YES;
				GCC_C_LANGUAGE_STANDARD = gnu99;
				GCC_DYNAMIC_NO_PIC = NO;
				GCC_NO_COMMON_BLOCKS = YES;
				GCC_OPTIMIZATION_LEVEL = 0;
				GCC_PREPROCESSOR_DEFINITIONS = (
					"DEBUG=1",
					"$(inherited)",
				);
				GCC_WARN_64_TO_32_BIT_CONVERSION = YES;
				GCC_WARN_ABOUT_RETURN_TYPE = YES_ERROR;
				GCC_WARN_UNDECLARED_SELECTOR = YES;
				GCC_WARN_UNINITIALIZED_AUTOS = YES_AGGRESSIVE;
				GCC_WARN_UNUSED_FUNCTION = YES;
				GCC_WARN_UNUSED_VARIABLE = YES;
				MACOSX_DEPLOYMENT_TARGET = 10.10;
				MTL_ENABLE_DEBUG_INFO = YES;
				ONLY_ACTIVE_ARCH = YES;
				SDKROOT = macosx;
			};
			name = Debug;
		};
		A41604341D47C2C800AFE0A9 /* Release */ = {
			isa = XCBuildConfiguration;
			buildSettings = {
				ALWAYS_SEARCH_USER_PATHS = NO;
				CLANG_CXX_LANGUAGE_STANDARD = "gnu++0x";
				CLANG_CXX_LIBRARY = "libc++";
				CLANG_ENABLE_MODULES = YES;
				CLANG_ENABLE_OBJC_ARC = YES;
				CLANG_WARN_BOOL_CONVERSION = YES;
				CLANG_WARN_CONSTANT_CONVERSION = YES;
				CLANG_WARN_DIRECT_OBJC_ISA_USAGE = YES_ERROR;
				CLANG_WARN_EMPTY_BODY = YES;
				CLANG_WARN_ENUM_CONVERSION = YES;
				CLANG_WARN_INT_CONVERSION = YES;
				CLANG_WARN_OBJC_ROOT_CLASS = YES_ERROR;
				CLANG_WARN_UNREACHABLE_CODE = YES;
				CLANG_WARN__DUPLICATE_METHOD_MATCH = YES;
				CODE_SIGN_IDENTITY = "-";
				COPY_PHASE_STRIP = NO;
				DEBUG_INFORMATION_FORMAT = "dwarf-with-dsym";
				ENABLE_NS_ASSERTIONS = NO;
				ENABLE_STRICT_OBJC_MSGSEND = YES;
				GCC_C_LANGUAGE_STANDARD = gnu99;
				GCC_NO_COMMON_BLOCKS = YES;
				GCC_WARN_64_TO_32_BIT_CONVERSION = YES;
				GCC_WARN_ABOUT_RETURN_TYPE = YES_ERROR;
				GCC_WARN_UNDECLARED_SELECTOR = YES;
				GCC_WARN_UNINITIALIZED_AUTOS = YES_AGGRESSIVE;
				GCC_WARN_UNUSED_FUNCTION = YES;
				GCC_WARN_UNUSED_VARIABLE = YES;
				MACOSX_DEPLOYMENT_TARGET = 10.10;
				MTL_ENABLE_DEBUG_INFO = NO;
				SDKROOT = macosx;
			};
			name = Release;
		};
		A41604361D47C2C800AFE0A9 /* Debug */ = {
			isa = XCBuildConfiguration;
			buildSettings = {
				PRODUCT_NAME = "$(TARGET_NAME)";
			};
			name = Debug;
		};
		A41604371D47C2C800AFE0A9 /* Release */ = {
			isa = XCBuildConfiguration;
			buildSettings = {
				PRODUCT_NAME = "$(TARGET_NAME)";
			};
			name = Release;
		};
/* End XCBuildConfiguration section */

/* Begin XCConfigurationList section */
		A41604291D47C2C800AFE0A9 /* Build configuration list for PBXProject "teacherproj" */ = {
			isa = XCConfigurationList;
			buildConfigurations = (
				A41604331D47C2C800AFE0A9 /* Debug */,
				A41604341D47C2C800AFE0A9 /* Release */,
			);
			defaultConfigurationIsVisible = 0;
			defaultConfigurationName = Release;
		};
		A41604351D47C2C800AFE0A9 /* Build configuration list for PBXNativeTarget "teacherproj" */ = {
			isa = XCConfigurationList;
			buildConfigurations = (
				A41604361D47C2C800AFE0A9 /* Debug */,
				A41604371D47C2C800AFE0A9 /* Release */,
			);
			defaultConfigurationIsVisible = 0;
		};
/* End XCConfigurationList section */
	};
	rootObject = A41604261D47C2C800AFE0A9 /* Project object */;
}
